
Microsoft Visual Studio Solution File, Format Version 12.00
# Visual Studio 15
VisualStudioVersion = 15.0.27130.2027
MinimumVisualStudioVersion = 10.0.40219.1
Project("{FAE04EC0-301F-11D3-BF4B-00C04F79EFBC}") = "CustomerServiceCenter.IM4Web", "CustomerServiceCenter.IM4Web\CustomerServiceCenter.IM4Web.csproj", "{C7D195B9-F8C4-4D5D-B9FE-88CDC66542EE}"
EndProject
Global
	GlobalSection(SolutionConfigurationPlatforms) = preSolution
		Debug|Any CPU = Debug|Any CPU
		Release|Any CPU = Release|Any CPU
	EndGlobalSection
	GlobalSection(ProjectConfigurationPlatforms) = postSolution
		{C7D195B9-F8C4-4D5D-B9FE-88CDC66542EE}.Debug|Any CPU.ActiveCfg = Debug|Any CPU
		{C7D195B9-F8C4-4D5D-B9FE-88CDC66542EE}.Debug|Any CPU.Build.0 = Debug|Any CPU
		{C7D195B9-F8C4-4D5D-B9FE-88CDC66542EE}.Release|Any CPU.ActiveCfg = Release|Any CPU
		{C7D195B9-F8C4-4D5D-B9FE-88CDC66542EE}.Release|Any CPU.Build.0 = Release|Any CPU
	EndGlobalSection
	GlobalSection(SolutionProperties) = preSolution
		HideSolutionNode = FALSE
	EndGlobalSection
	GlobalSection(ExtensibilityGlobals) = postSolution
		SolutionGuid = {C2026A7C-918F-497C-A199-A19C669DA729}
	EndGlobalSection
EndGlobal
